// !$*UTF8*$!
{
	archiveVersion = 1;
	classes = {
	};
	objectVersion = 48;
	objects = {

/* Begin PBXBuildFile section */
		9A048B4D1FC239AB005D114B /* UIManager.swift in Sources */ = {isa = PBXBuildFile; fileRef = 9A048B4C1FC239AB005D114B /* UIManager.swift */; };
		9A048B511FC23AFE005D114B /* SessionManager.swift in Sources */ = {isa = PBXBuildFile; fileRef = 9A048B501FC23AFE005D114B /* SessionManager.swift */; };
		9A048B551FC23CB2005D114B /* BarHidableViewController.swift in Sources */ = {isa = PBXBuildFile; fileRef = 9A048B541FC23CB2005D114B /* BarHidableViewController.swift */; };
		9A048B571FC23CEF005D114B /* WelcomeViewController.swift in Sources */ = {isa = PBXBuildFile; fileRef = 9A048B561FC23CEF005D114B /* WelcomeViewController.swift */; };
		9A048B591FC23CFA005D114B /* SignInViewController.swift in Sources */ = {isa = PBXBuildFile; fileRef = 9A048B581FC23CFA005D114B /* SignInViewController.swift */; };
		9A048B5B1FC23D01005D114B /* SignUpViewController.swift in Sources */ = {isa = PBXBuildFile; fileRef = 9A048B5A1FC23D01005D114B /* SignUpViewController.swift */; };
		9A048B5D1FC23D2F005D114B /* MenuViewController.swift in Sources */ = {isa = PBXBuildFile; fileRef = 9A048B5C1FC23D2F005D114B /* MenuViewController.swift */; };
		9A048B601FC23DC3005D114B /* BaseObject.swift in Sources */ = {isa = PBXBuildFile; fileRef = 9A048B5F1FC23DC3005D114B /* BaseObject.swift */; };
		9A048B621FC23DD4005D114B /* Project.swift in Sources */ = {isa = PBXBuildFile; fileRef = 9A048B611FC23DD4005D114B /* Project.swift */; };
		9A048B661FC23DF5005D114B /* Journal.swift in Sources */ = {isa = PBXBuildFile; fileRef = 9A048B651FC23DF5005D114B /* Journal.swift */; };
		9A048B681FC23DFC005D114B /* Task.swift in Sources */ = {isa = PBXBuildFile; fileRef = 9A048B671FC23DFC005D114B /* Task.swift */; };
		9A048B6B1FC23E43005D114B /* ProjectListViewController.swift in Sources */ = {isa = PBXBuildFile; fileRef = 9A048B6A1FC23E43005D114B /* ProjectListViewController.swift */; };
		9A048B6D1FC23E4A005D114B /* ProjectViewController.swift in Sources */ = {isa = PBXBuildFile; fileRef = 9A048B6C1FC23E4A005D114B /* ProjectViewController.swift */; };
		9A048B6F1FC242F6005D114B /* Login.storyboard in Resources */ = {isa = PBXBuildFile; fileRef = 9A048B6E1FC242F6005D114B /* Login.storyboard */; };
		9A048B711FC24E66005D114B /* ProfileViewController.swift in Sources */ = {isa = PBXBuildFile; fileRef = 9A048B701FC24E66005D114B /* ProfileViewController.swift */; };
		9A048B731FC24E6F005D114B /* SettingsViewController.swift in Sources */ = {isa = PBXBuildFile; fileRef = 9A048B721FC24E6F005D114B /* SettingsViewController.swift */; };
		9A68078C1FA7883700A72409 /* AppDelegate.swift in Sources */ = {isa = PBXBuildFile; fileRef = 9A68078B1FA7883700A72409 /* AppDelegate.swift */; };
		9A6807911FA7883700A72409 /* Main.storyboard in Resources */ = {isa = PBXBuildFile; fileRef = 9A68078F1FA7883700A72409 /* Main.storyboard */; };
		9A6807931FA7883700A72409 /* Assets.xcassets in Resources */ = {isa = PBXBuildFile; fileRef = 9A6807921FA7883700A72409 /* Assets.xcassets */; };
		9A6807961FA7883700A72409 /* LaunchScreen.storyboard in Resources */ = {isa = PBXBuildFile; fileRef = 9A6807941FA7883700A72409 /* LaunchScreen.storyboard */; };
		9A6807A11FA7889700A72409 /* SheetViewController.swift in Sources */ = {isa = PBXBuildFile; fileRef = 9A6807A01FA7889700A72409 /* SheetViewController.swift */; };
		9A7CB5771FC270B900D430FE /* InvitationViewController.swift in Sources */ = {isa = PBXBuildFile; fileRef = 9A7CB5761FC270B900D430FE /* InvitationViewController.swift */; };
		9A7CB5791FC270C900D430FE /* TermsPolicyViewController.swift in Sources */ = {isa = PBXBuildFile; fileRef = 9A7CB5781FC270C800D430FE /* TermsPolicyViewController.swift */; };
		9A7CB57B1FC2733400D430FE /* Project.storyboard in Resources */ = {isa = PBXBuildFile; fileRef = 9A7CB57A1FC2733400D430FE /* Project.storyboard */; };
		9A7CB57D1FC2736C00D430FE /* JournalListViewController.swift in Sources */ = {isa = PBXBuildFile; fileRef = 9A7CB57C1FC2736C00D430FE /* JournalListViewController.swift */; };
		9A7CB57F1FC2737300D430FE /* TaskListViewController.swift in Sources */ = {isa = PBXBuildFile; fileRef = 9A7CB57E1FC2737300D430FE /* TaskListViewController.swift */; };
		9A7CB5811FC2739100D430FE /* ChatViewController.swift in Sources */ = {isa = PBXBuildFile; fileRef = 9A7CB5801FC2739100D430FE /* ChatViewController.swift */; };
		9A7CB5831FC2759000D430FE /* SheetListViewController.swift in Sources */ = {isa = PBXBuildFile; fileRef = 9A7CB5821FC2759000D430FE /* SheetListViewController.swift */; };
		9A7CB5861FC2777200D430FE /* ProjectTableViewCell.swift in Sources */ = {isa = PBXBuildFile; fileRef = 9A7CB5851FC2777200D430FE /* ProjectTableViewCell.swift */; };
		9A93491B207B593E00EAA54C /* BaseViewController.swift in Sources */ = {isa = PBXBuildFile; fileRef = 9A934916207B593E00EAA54C /* BaseViewController.swift */; };
		9A93491C207B593E00EAA54C /* FluidAnchor.swift in Sources */ = {isa = PBXBuildFile; fileRef = 9A934917207B593E00EAA54C /* FluidAnchor.swift */; };
		9A93491D207B593E00EAA54C /* SlideMenuController.swift in Sources */ = {isa = PBXBuildFile; fileRef = 9A934918207B593E00EAA54C /* SlideMenuController.swift */; };
		9A93491E207B593E00EAA54C /* Then.swift in Sources */ = {isa = PBXBuildFile; fileRef = 9A934919207B593E00EAA54C /* Then.swift */; };
		9A93491F207B593E00EAA54C /* UIView+Animation.swift in Sources */ = {isa = PBXBuildFile; fileRef = 9A93491A207B593E00EAA54C /* UIView+Animation.swift */; };
		9AAAB7D41FAFA24E00237582 /* test.jpg in Resources */ = {isa = PBXBuildFile; fileRef = 9AAAB7D31FAFA24900237582 /* test.jpg */; };
/* End PBXBuildFile section */

/* Begin PBXFileReference section */
		9A048B4C1FC239AB005D114B /* UIManager.swift */ = {isa = PBXFileReference; lastKnownFileType = sourcecode.swift; path = UIManager.swift; sourceTree = "<group>"; };
		9A048B501FC23AFE005D114B /* SessionManager.swift */ = {isa = PBXFileReference; lastKnownFileType = sourcecode.swift; path = SessionManager.swift; sourceTree = "<group>"; };
		9A048B541FC23CB2005D114B /* BarHidableViewController.swift */ = {isa = PBXFileReference; lastKnownFileType = sourcecode.swift; path = BarHidableViewController.swift; sourceTree = "<group>"; };
		9A048B561FC23CEF005D114B /* WelcomeViewController.swift */ = {isa = PBXFileReference; lastKnownFileType = sourcecode.swift; path = WelcomeViewController.swift; sourceTree = "<group>"; };
		9A048B581FC23CFA005D114B /* SignInViewController.swift */ = {isa = PBXFileReference; lastKnownFileType = sourcecode.swift; path = SignInViewController.swift; sourceTree = "<group>"; };
		9A048B5A1FC23D01005D114B /* SignUpViewController.swift */ = {isa = PBXFileReference; lastKnownFileType = sourcecode.swift; path = SignUpViewController.swift; sourceTree = "<group>"; };
		9A048B5C1FC23D2F005D114B /* MenuViewController.swift */ = {isa = PBXFileReference; lastKnownFileType = sourcecode.swift; path = MenuViewController.swift; sourceTree = "<group>"; };
		9A048B5F1FC23DC3005D114B /* BaseObject.swift */ = {isa = PBXFileReference; lastKnownFileType = sourcecode.swift; path = BaseObject.swift; sourceTree = "<group>"; };
		9A048B611FC23DD4005D114B /* Project.swift */ = {isa = PBXFileReference; lastKnownFileType = sourcecode.swift; path = Project.swift; sourceTree = "<group>"; };
		9A048B651FC23DF5005D114B /* Journal.swift */ = {isa = PBXFileReference; lastKnownFileType = sourcecode.swift; path = Journal.swift; sourceTree = "<group>"; };
		9A048B671FC23DFC005D114B /* Task.swift */ = {isa = PBXFileReference; lastKnownFileType = sourcecode.swift; path = Task.swift; sourceTree = "<group>"; };
		9A048B6A1FC23E43005D114B /* ProjectListViewController.swift */ = {isa = PBXFileReference; lastKnownFileType = sourcecode.swift; path = ProjectListViewController.swift; sourceTree = "<group>"; };
		9A048B6C1FC23E4A005D114B /* ProjectViewController.swift */ = {isa = PBXFileReference; lastKnownFileType = sourcecode.swift; path = ProjectViewController.swift; sourceTree = "<group>"; };
		9A048B6E1FC242F6005D114B /* Login.storyboard */ = {isa = PBXFileReference; lastKnownFileType = file.storyboard; path = Login.storyboard; sourceTree = "<group>"; };
		9A048B701FC24E66005D114B /* ProfileViewController.swift */ = {isa = PBXFileReference; lastKnownFileType = sourcecode.swift; path = ProfileViewController.swift; sourceTree = "<group>"; };
		9A048B721FC24E6F005D114B /* SettingsViewController.swift */ = {isa = PBXFileReference; lastKnownFileType = sourcecode.swift; path = SettingsViewController.swift; sourceTree = "<group>"; };
		9A6807881FA7883700A72409 /* Construction.app */ = {isa = PBXFileReference; explicitFileType = wrapper.application; includeInIndex = 0; path = Construction.app; sourceTree = BUILT_PRODUCTS_DIR; };
		9A68078B1FA7883700A72409 /* AppDelegate.swift */ = {isa = PBXFileReference; lastKnownFileType = sourcecode.swift; path = AppDelegate.swift; sourceTree = "<group>"; };
		9A6807901FA7883700A72409 /* Base */ = {isa = PBXFileReference; lastKnownFileType = file.storyboard; name = Base; path = Base.lproj/Main.storyboard; sourceTree = "<group>"; };
		9A6807921FA7883700A72409 /* Assets.xcassets */ = {isa = PBXFileReference; lastKnownFileType = folder.assetcatalog; path = Assets.xcassets; sourceTree = "<group>"; };
		9A6807951FA7883700A72409 /* Base */ = {isa = PBXFileReference; lastKnownFileType = file.storyboard; name = Base; path = Base.lproj/LaunchScreen.storyboard; sourceTree = "<group>"; };
		9A6807971FA7883700A72409 /* Info.plist */ = {isa = PBXFileReference; lastKnownFileType = text.plist.xml; path = Info.plist; sourceTree = "<group>"; };
		9A6807A01FA7889700A72409 /* SheetViewController.swift */ = {isa = PBXFileReference; lastKnownFileType = sourcecode.swift; path = SheetViewController.swift; sourceTree = "<group>"; };
		9A7CB5761FC270B900D430FE /* InvitationViewController.swift */ = {isa = PBXFileReference; lastKnownFileType = sourcecode.swift; path = InvitationViewController.swift; sourceTree = "<group>"; };
		9A7CB5781FC270C800D430FE /* TermsPolicyViewController.swift */ = {isa = PBXFileReference; lastKnownFileType = sourcecode.swift; path = TermsPolicyViewController.swift; sourceTree = "<group>"; };
		9A7CB57A1FC2733400D430FE /* Project.storyboard */ = {isa = PBXFileReference; lastKnownFileType = file.storyboard; path = Project.storyboard; sourceTree = "<group>"; };
		9A7CB57C1FC2736C00D430FE /* JournalListViewController.swift */ = {isa = PBXFileReference; lastKnownFileType = sourcecode.swift; path = JournalListViewController.swift; sourceTree = "<group>"; };
		9A7CB57E1FC2737300D430FE /* TaskListViewController.swift */ = {isa = PBXFileReference; lastKnownFileType = sourcecode.swift; path = TaskListViewController.swift; sourceTree = "<group>"; };
		9A7CB5801FC2739100D430FE /* ChatViewController.swift */ = {isa = PBXFileReference; lastKnownFileType = sourcecode.swift; path = ChatViewController.swift; sourceTree = "<group>"; };
		9A7CB5821FC2759000D430FE /* SheetListViewController.swift */ = {isa = PBXFileReference; lastKnownFileType = sourcecode.swift; path = SheetListViewController.swift; sourceTree = "<group>"; };
		9A7CB5851FC2777200D430FE /* ProjectTableViewCell.swift */ = {isa = PBXFileReference; lastKnownFileType = sourcecode.swift; path = ProjectTableViewCell.swift; sourceTree = "<group>"; };
		9A934916207B593E00EAA54C /* BaseViewController.swift */ = {isa = PBXFileReference; fileEncoding = 4; lastKnownFileType = sourcecode.swift; path = BaseViewController.swift; sourceTree = "<group>"; };
		9A934917207B593E00EAA54C /* FluidAnchor.swift */ = {isa = PBXFileReference; fileEncoding = 4; lastKnownFileType = sourcecode.swift; path = FluidAnchor.swift; sourceTree = "<group>"; };
		9A934918207B593E00EAA54C /* SlideMenuController.swift */ = {isa = PBXFileReference; fileEncoding = 4; lastKnownFileType = sourcecode.swift; path = SlideMenuController.swift; sourceTree = "<group>"; };
		9A934919207B593E00EAA54C /* Then.swift */ = {isa = PBXFileReference; fileEncoding = 4; lastKnownFileType = sourcecode.swift; path = Then.swift; sourceTree = "<group>"; };
		9A93491A207B593E00EAA54C /* UIView+Animation.swift */ = {isa = PBXFileReference; fileEncoding = 4; lastKnownFileType = sourcecode.swift; path = "UIView+Animation.swift"; sourceTree = "<group>"; };
		9AAAB7D31FAFA24900237582 /* test.jpg */ = {isa = PBXFileReference; lastKnownFileType = image.jpeg; path = test.jpg; sourceTree = "<group>"; };
/* End PBXFileReference section */

/* Begin PBXFrameworksBuildPhase section */
		9A6807851FA7883700A72409 /* Frameworks */ = {
			isa = PBXFrameworksBuildPhase;
			buildActionMask = 2147483647;
			files = (
			);
			runOnlyForDeploymentPostprocessing = 0;
		};
/* End PBXFrameworksBuildPhase section */

/* Begin PBXGroup section */
		9A048B4B1FC2398E005D114B /* UIModel */ = {
			isa = PBXGroup;
			children = (
				9A048B4C1FC239AB005D114B /* UIManager.swift */,
				9A048B501FC23AFE005D114B /* SessionManager.swift */,
			);
			path = UIModel;
			sourceTree = "<group>";
		};
		9A048B521FC23C9D005D114B /* Welcome */ = {
			isa = PBXGroup;
			children = (
				9A048B561FC23CEF005D114B /* WelcomeViewController.swift */,
				9A048B581FC23CFA005D114B /* SignInViewController.swift */,
				9A048B5A1FC23D01005D114B /* SignUpViewController.swift */,
			);
			path = Welcome;
			sourceTree = "<group>";
		};
		9A048B531FC23CA2005D114B /* Main */ = {
			isa = PBXGroup;
			children = (
				9A048B5C1FC23D2F005D114B /* MenuViewController.swift */,
				9A7CB5761FC270B900D430FE /* InvitationViewController.swift */,
				9A7CB5781FC270C800D430FE /* TermsPolicyViewController.swift */,
				9A048B701FC24E66005D114B /* ProfileViewController.swift */,
				9A048B721FC24E6F005D114B /* SettingsViewController.swift */,
				9A048B691FC23E30005D114B /* Project */,
			);
			path = Main;
			sourceTree = "<group>";
		};
		9A048B5E1FC23D7F005D114B /* Project */ = {
			isa = PBXGroup;
			children = (
				9A048B611FC23DD4005D114B /* Project.swift */,
				9A048B651FC23DF5005D114B /* Journal.swift */,
				9A048B671FC23DFC005D114B /* Task.swift */,
			);
			path = Project;
			sourceTree = "<group>";
		};
		9A048B691FC23E30005D114B /* Project */ = {
			isa = PBXGroup;
			children = (
				9A048B6A1FC23E43005D114B /* ProjectListViewController.swift */,
				9A048B6C1FC23E4A005D114B /* ProjectViewController.swift */,
				9A7CB57C1FC2736C00D430FE /* JournalListViewController.swift */,
				9A7CB57E1FC2737300D430FE /* TaskListViewController.swift */,
				9A7CB5821FC2759000D430FE /* SheetListViewController.swift */,
				9A6807A01FA7889700A72409 /* SheetViewController.swift */,
				9A7CB5801FC2739100D430FE /* ChatViewController.swift */,
			);
			path = Project;
			sourceTree = "<group>";
		};
		9A68077F1FA7883700A72409 = {
			isa = PBXGroup;
			children = (
				9A68078A1FA7883700A72409 /* Construction */,
				9A6807891FA7883700A72409 /* Products */,
			);
			sourceTree = "<group>";
		};
		9A6807891FA7883700A72409 /* Products */ = {
			isa = PBXGroup;
			children = (
				9A6807881FA7883700A72409 /* Construction.app */,
			);
			name = Products;
			sourceTree = "<group>";
		};
		9A68078A1FA7883700A72409 /* Construction */ = {
			isa = PBXGroup;
			children = (
				9A934909207B591000EAA54C /* Library */,
				9A68079D1FA7886600A72409 /* View */,
				9A68079E1FA7886700A72409 /* Model */,
				9A68079F1FA7886700A72409 /* Controller */,
				9A68078B1FA7883700A72409 /* AppDelegate.swift */,
				9A68078F1FA7883700A72409 /* Main.storyboard */,
				9A7CB57A1FC2733400D430FE /* Project.storyboard */,
				9A048B6E1FC242F6005D114B /* Login.storyboard */,
				9A6807921FA7883700A72409 /* Assets.xcassets */,
				9A6807941FA7883700A72409 /* LaunchScreen.storyboard */,
				9A6807971FA7883700A72409 /* Info.plist */,
				9AAAB7D21FAFA24900237582 /* Resource */,
			);
			path = Construction;
			sourceTree = "<group>";
		};
		9A68079D1FA7886600A72409 /* View */ = {
			isa = PBXGroup;
			children = (
				9A7CB5841FC2776100D430FE /* Cell */,
			);
			path = View;
			sourceTree = "<group>";
		};
		9A68079E1FA7886700A72409 /* Model */ = {
			isa = PBXGroup;
			children = (
				9A048B5F1FC23DC3005D114B /* BaseObject.swift */,
				9A048B4B1FC2398E005D114B /* UIModel */,
				9A048B5E1FC23D7F005D114B /* Project */,
			);
			path = Model;
			sourceTree = "<group>";
		};
		9A68079F1FA7886700A72409 /* Controller */ = {
			isa = PBXGroup;
			children = (
				9A048B541FC23CB2005D114B /* BarHidableViewController.swift */,
				9A048B521FC23C9D005D114B /* Welcome */,
				9A048B531FC23CA2005D114B /* Main */,
			);
			path = Controller;
			sourceTree = "<group>";
		};
		9A7CB5841FC2776100D430FE /* Cell */ = {
			isa = PBXGroup;
			children = (
				9A7CB5851FC2777200D430FE /* ProjectTableViewCell.swift */,
			);
			path = Cell;
			sourceTree = "<group>";
		};
		9A934909207B591000EAA54C /* Library */ = {
			isa = PBXGroup;
			children = (
				9A934915207B593E00EAA54C /* SlideMenuController */,
			);
			path = Library;
			sourceTree = "<group>";
		};
		9A934915207B593E00EAA54C /* SlideMenuController */ = {
			isa = PBXGroup;
			children = (
				9A934916207B593E00EAA54C /* BaseViewController.swift */,
				9A934917207B593E00EAA54C /* FluidAnchor.swift */,
				9A934918207B593E00EAA54C /* SlideMenuController.swift */,
				9A934919207B593E00EAA54C /* Then.swift */,
				9A93491A207B593E00EAA54C /* UIView+Animation.swift */,
			);
			path = SlideMenuController;
			sourceTree = "<group>";
		};
		9AAAB7D21FAFA24900237582 /* Resource */ = {
			isa = PBXGroup;
			children = (
				9AAAB7D31FAFA24900237582 /* test.jpg */,
			);
			path = Resource;
			sourceTree = "<group>";
		};
/* End PBXGroup section */

/* Begin PBXNativeTarget section */
		9A6807871FA7883700A72409 /* Construction */ = {
			isa = PBXNativeTarget;
			buildConfigurationList = 9A68079A1FA7883700A72409 /* Build configuration list for PBXNativeTarget "Construction" */;
			buildPhases = (
				9A6807841FA7883700A72409 /* Sources */,
				9A6807851FA7883700A72409 /* Frameworks */,
				9A6807861FA7883700A72409 /* Resources */,
			);
			buildRules = (
			);
			dependencies = (
			);
			name = Construction;
			productName = Construction;
			productReference = 9A6807881FA7883700A72409 /* Construction.app */;
			productType = "com.apple.product-type.application";
		};
/* End PBXNativeTarget section */

/* Begin PBXProject section */
		9A6807801FA7883700A72409 /* Project object */ = {
			isa = PBXProject;
			attributes = {
				LastSwiftUpdateCheck = 0900;
				LastUpgradeCheck = 0900;
				ORGANIZATIONNAME = LekshmySankar;
				TargetAttributes = {
					9A6807871FA7883700A72409 = {
						CreatedOnToolsVersion = 9.0;
						ProvisioningStyle = Manual;
					};
				};
			};
			buildConfigurationList = 9A6807831FA7883700A72409 /* Build configuration list for PBXProject "Construction" */;
			compatibilityVersion = "Xcode 8.0";
			developmentRegion = en;
			hasScannedForEncodings = 0;
			knownRegions = (
				en,
				Base,
			);
			mainGroup = 9A68077F1FA7883700A72409;
			productRefGroup = 9A6807891FA7883700A72409 /* Products */;
			projectDirPath = "";
			projectRoot = "";
			targets = (
				9A6807871FA7883700A72409 /* Construction */,
			);
		};
/* End PBXProject section */

/* Begin PBXResourcesBuildPhase section */
		9A6807861FA7883700A72409 /* Resources */ = {
			isa = PBXResourcesBuildPhase;
			buildActionMask = 2147483647;
			files = (
				9A6807961FA7883700A72409 /* LaunchScreen.storyboard in Resources */,
				9A6807931FA7883700A72409 /* Assets.xcassets in Resources */,
				9A7CB57B1FC2733400D430FE /* Project.storyboard in Resources */,
				9A6807911FA7883700A72409 /* Main.storyboard in Resources */,
				9A048B6F1FC242F6005D114B /* Login.storyboard in Resources */,
				9AAAB7D41FAFA24E00237582 /* test.jpg in Resources */,
			);
			runOnlyForDeploymentPostprocessing = 0;
		};
/* End PBXResourcesBuildPhase section */

/* Begin PBXSourcesBuildPhase section */
		9A6807841FA7883700A72409 /* Sources */ = {
			isa = PBXSourcesBuildPhase;
			buildActionMask = 2147483647;
			files = (
				9A7CB57D1FC2736C00D430FE /* JournalListViewController.swift in Sources */,
				9A048B661FC23DF5005D114B /* Journal.swift in Sources */,
				9A7CB5811FC2739100D430FE /* ChatViewController.swift in Sources */,
				9A048B4D1FC239AB005D114B /* UIManager.swift in Sources */,
				9A048B551FC23CB2005D114B /* BarHidableViewController.swift in Sources */,
				9A048B6B1FC23E43005D114B /* ProjectListViewController.swift in Sources */,
				9A7CB5771FC270B900D430FE /* InvitationViewController.swift in Sources */,
				9A7CB5861FC2777200D430FE /* ProjectTableViewCell.swift in Sources */,
				9A7CB5831FC2759000D430FE /* SheetListViewController.swift in Sources */,
				9A048B681FC23DFC005D114B /* Task.swift in Sources */,
				9A048B591FC23CFA005D114B /* SignInViewController.swift in Sources */,
				9A048B6D1FC23E4A005D114B /* ProjectViewController.swift in Sources */,
				9A048B711FC24E66005D114B /* ProfileViewController.swift in Sources */,
				9A93491D207B593E00EAA54C /* SlideMenuController.swift in Sources */,
				9A68078C1FA7883700A72409 /* AppDelegate.swift in Sources */,
				9A6807A11FA7889700A72409 /* SheetViewController.swift in Sources */,
				9A93491F207B593E00EAA54C /* UIView+Animation.swift in Sources */,
				9A7CB5791FC270C900D430FE /* TermsPolicyViewController.swift in Sources */,
				9A048B5D1FC23D2F005D114B /* MenuViewController.swift in Sources */,
				9A048B5B1FC23D01005D114B /* SignUpViewController.swift in Sources */,
				9A048B731FC24E6F005D114B /* SettingsViewController.swift in Sources */,
				9A93491E207B593E00EAA54C /* Then.swift in Sources */,
				9A048B601FC23DC3005D114B /* BaseObject.swift in Sources */,
				9A93491B207B593E00EAA54C /* BaseViewController.swift in Sources */,
				9A048B511FC23AFE005D114B /* SessionManager.swift in Sources */,
				9A7CB57F1FC2737300D430FE /* TaskListViewController.swift in Sources */,
				9A93491C207B593E00EAA54C /* FluidAnchor.swift in Sources */,
				9A048B571FC23CEF005D114B /* WelcomeViewController.swift in Sources */,
				9A048B621FC23DD4005D114B /* Project.swift in Sources */,
			);
			runOnlyForDeploymentPostprocessing = 0;
		};
/* End PBXSourcesBuildPhase section */

/* Begin PBXVariantGroup section */
		9A68078F1FA7883700A72409 /* Main.storyboard */ = {
			isa = PBXVariantGroup;
			children = (
				9A6807901FA7883700A72409 /* Base */,
			);
			name = Main.storyboard;
			sourceTree = "<group>";
		};
		9A6807941FA7883700A72409 /* LaunchScreen.storyboard */ = {
			isa = PBXVariantGroup;
			children = (
				9A6807951FA7883700A72409 /* Base */,
			);
			name = LaunchScreen.storyboard;
			sourceTree = "<group>";
		};
/* End PBXVariantGroup section */

/* Begin XCBuildConfiguration section */
		9A6807981FA7883700A72409 /* Debug */ = {
			isa = XCBuildConfiguration;
			buildSettings = {
				ALWAYS_SEARCH_USER_PATHS = NO;
				CLANG_ANALYZER_NONNULL = YES;
				CLANG_ANALYZER_NUMBER_OBJECT_CONVERSION = YES_AGGRESSIVE;
				CLANG_CXX_LANGUAGE_STANDARD = "gnu++14";
				CLANG_CXX_LIBRARY = "libc++";
				CLANG_ENABLE_MODULES = YES;
				CLANG_ENABLE_OBJC_ARC = YES;
				CLANG_WARN_BLOCK_CAPTURE_AUTORELEASING = YES;
				CLANG_WARN_BOOL_CONVERSION = YES;
				CLANG_WARN_COMMA = YES;
				CLANG_WARN_CONSTANT_CONVERSION = YES;
				CLANG_WARN_DIRECT_OBJC_ISA_USAGE = YES_ERROR;
				CLANG_WARN_DOCUMENTATION_COMMENTS = YES;
				CLANG_WARN_EMPTY_BODY = YES;
				CLANG_WARN_ENUM_CONVERSION = YES;
				CLANG_WARN_INFINITE_RECURSION = YES;
				CLANG_WARN_INT_CONVERSION = YES;
				CLANG_WARN_NON_LITERAL_NULL_CONVERSION = YES;
				CLANG_WARN_OBJC_LITERAL_CONVERSION = YES;
				CLANG_WARN_OBJC_ROOT_CLASS = YES_ERROR;
				CLANG_WARN_RANGE_LOOP_ANALYSIS = YES;
				CLANG_WARN_STRICT_PROTOTYPES = YES;
				CLANG_WARN_SUSPICIOUS_MOVE = YES;
				CLANG_WARN_UNGUARDED_AVAILABILITY = YES_AGGRESSIVE;
				CLANG_WARN_UNREACHABLE_CODE = YES;
				CLANG_WARN__DUPLICATE_METHOD_MATCH = YES;
				CODE_SIGN_IDENTITY = "iPhone Developer";
				COPY_PHASE_STRIP = NO;
				DEBUG_INFORMATION_FORMAT = dwarf;
				ENABLE_STRICT_OBJC_MSGSEND = YES;
				ENABLE_TESTABILITY = YES;
				GCC_C_LANGUAGE_STANDARD = gnu11;
				GCC_DYNAMIC_NO_PIC = NO;
				GCC_NO_COMMON_BLOCKS = YES;
				GCC_OPTIMIZATION_LEVEL = 0;
				GCC_PREPROCESSOR_DEFINITIONS = (
					"DEBUG=1",
					"$(inherited)",
				);
				GCC_WARN_64_TO_32_BIT_CONVERSION = YES;
				GCC_WARN_ABOUT_RETURN_TYPE = YES_ERROR;
				GCC_WARN_UNDECLARED_SELECTOR = YES;
				GCC_WARN_UNINITIALIZED_AUTOS = YES_AGGRESSIVE;
				GCC_WARN_UNUSED_FUNCTION = YES;
				GCC_WARN_UNUSED_VARIABLE = YES;
				IPHONEOS_DEPLOYMENT_TARGET = 11.0;
				MTL_ENABLE_DEBUG_INFO = YES;
				ONLY_ACTIVE_ARCH = YES;
				SDKROOT = iphoneos;
				SWIFT_ACTIVE_COMPILATION_CONDITIONS = DEBUG;
				SWIFT_OPTIMIZATION_LEVEL = "-Onone";
			};
			name = Debug;
		};
		9A6807991FA7883700A72409 /* Release */ = {
			isa = XCBuildConfiguration;
			buildSettings = {
				ALWAYS_SEARCH_USER_PATHS = NO;
				CLANG_ANALYZER_NONNULL = YES;
				CLANG_ANALYZER_NUMBER_OBJECT_CONVERSION = YES_AGGRESSIVE;
				CLANG_CXX_LANGUAGE_STANDARD = "gnu++14";
				CLANG_CXX_LIBRARY = "libc++";
				CLANG_ENABLE_MODULES = YES;
				CLANG_ENABLE_OBJC_ARC = YES;
				CLANG_WARN_BLOCK_CAPTURE_AUTORELEASING = YES;
				CLANG_WARN_BOOL_CONVERSION = YES;
				CLANG_WARN_COMMA = YES;
				CLANG_WARN_CONSTANT_CONVERSION = YES;
				CLANG_WARN_DIRECT_OBJC_ISA_USAGE = YES_ERROR;
				CLANG_WARN_DOCUMENTATION_COMMENTS = YES;
				CLANG_WARN_EMPTY_BODY = YES;
				CLANG_WARN_ENUM_CONVERSION = YES;
				CLANG_WARN_INFINITE_RECURSION = YES;
				CLANG_WARN_INT_CONVERSION = YES;
				CLANG_WARN_NON_LITERAL_NULL_CONVERSION = YES;
				CLANG_WARN_OBJC_LITERAL_CONVERSION = YES;
				CLANG_WARN_OBJC_ROOT_CLASS = YES_ERROR;
				CLANG_WARN_RANGE_LOOP_ANALYSIS = YES;
				CLANG_WARN_STRICT_PROTOTYPES = YES;
				CLANG_WARN_SUSPICIOUS_MOVE = YES;
				CLANG_WARN_UNGUARDED_AVAILABILITY = YES_AGGRESSIVE;
				CLANG_WARN_UNREACHABLE_CODE = YES;
				CLANG_WARN__DUPLICATE_METHOD_MATCH = YES;
				CODE_SIGN_IDENTITY = "iPhone Developer";
				COPY_PHASE_STRIP = NO;
				DEBUG_INFORMATION_FORMAT = "dwarf-with-dsym";
				ENABLE_NS_ASSERTIONS = NO;
				ENABLE_STRICT_OBJC_MSGSEND = YES;
				GCC_C_LANGUAGE_STANDARD = gnu11;
				GCC_NO_COMMON_BLOCKS = YES;
				GCC_WARN_64_TO_32_BIT_CONVERSION = YES;
				GCC_WARN_ABOUT_RETURN_TYPE = YES_ERROR;
				GCC_WARN_UNDECLARED_SELECTOR = YES;
				GCC_WARN_UNINITIALIZED_AUTOS = YES_AGGRESSIVE;
				GCC_WARN_UNUSED_FUNCTION = YES;
				GCC_WARN_UNUSED_VARIABLE = YES;
				IPHONEOS_DEPLOYMENT_TARGET = 11.0;
				MTL_ENABLE_DEBUG_INFO = NO;
				SDKROOT = iphoneos;
				SWIFT_OPTIMIZATION_LEVEL = "-Owholemodule";
				VALIDATE_PRODUCT = YES;
			};
			name = Release;
		};
		9A68079B1FA7883700A72409 /* Debug */ = {
			isa = XCBuildConfiguration;
			buildSettings = {
				ASSETCATALOG_COMPILER_APPICON_NAME = AppIcon;
				CODE_SIGN_STYLE = Manual;
				DEVELOPMENT_TEAM = RL467R46UR;
				INFOPLIST_FILE = Construction/Info.plist;
				IPHONEOS_DEPLOYMENT_TARGET = 10.0;
				LD_RUNPATH_SEARCH_PATHS = "$(inherited) @executable_path/Frameworks";
				PRODUCT_BUNDLE_IDENTIFIER = com.app.snowmanfun;
				PRODUCT_NAME = "$(TARGET_NAME)";
				PROVISIONING_PROFILE = "8055b6f6-e250-4fab-8f1c-3e1dff5ab313";
				PROVISIONING_PROFILE_SPECIFIER = "Snowman Fun iOS Development";
				SWIFT_VERSION = 4.0;
				TARGETED_DEVICE_FAMILY = "1,2";
			};
			name = Debug;
		};
		9A68079C1FA7883700A72409 /* Release */ = {
			isa = XCBuildConfiguration;
			buildSettings = {
				ASSETCATALOG_COMPILER_APPICON_NAME = AppIcon;
				CODE_SIGN_STYLE = Manual;
				DEVELOPMENT_TEAM = "";
				INFOPLIST_FILE = Construction/Info.plist;
				IPHONEOS_DEPLOYMENT_TARGET = 10.0;
				LD_RUNPATH_SEARCH_PATHS = "$(inherited) @executable_path/Frameworks";
				PRODUCT_BUNDLE_IDENTIFIER = com.app.snowmanfun;
				PRODUCT_NAME = "$(TARGET_NAME)";
				PROVISIONING_PROFILE_SPECIFIER = "";
				SWIFT_VERSION = 4.0;
				TARGETED_DEVICE_FAMILY = "1,2";
			};
			name = Release;
		};
/* End XCBuildConfiguration section */

/* Begin XCConfigurationList section */
		9A6807831FA7883700A72409 /* Build configuration list for PBXProject "Construction" */ = {
			isa = XCConfigurationList;
			buildConfigurations = (
				9A6807981FA7883700A72409 /* Debug */,
				9A6807991FA7883700A72409 /* Release */,
			);
			defaultConfigurationIsVisible = 0;
			defaultConfigurationName = Release;
		};
		9A68079A1FA7883700A72409 /* Build configuration list for PBXNativeTarget "Construction" */ = {
			isa = XCConfigurationList;
			buildConfigurations = (
				9A68079B1FA7883700A72409 /* Debug */,
				9A68079C1FA7883700A72409 /* Release */,
			);
			defaultConfigurationIsVisible = 0;
			defaultConfigurationName = Release;
		};
/* End XCConfigurationList section */
	};
	rootObject = 9A6807801FA7883700A72409 /* Project object */;
}
